{
  "version": 4,
  "terraform_version": "1.2.4",
  "serial": 567,
  "lineage": "15b30576-9d7d-37da-b45c-95b46b120205",
  "outputs": {},
  "resources": [
    {
      "mode": "managed",
      "type": "aws_iam_policy",
      "name": "files",
      "provider": "provider[\"registry.terraform.io/hashicorp/aws\"]",
      "instances": [
        {
          "schema_version": 0,
          "attributes": {
            "arn": "arn:aws:iam::907811386443:policy/demo/test/files/demo-test-files",
            "description": "Access to the demo-test_files bucket",
            "id": "arn:aws:iam::907811386443:policy/demo/test/files/demo-test-files",
            "name": "demo-test-files",
            "name_prefix": null,
            "path": "/demo/test/files/",
            "policy": "{\"Statement\":[{\"Action\":[\"s3:*\"],\"Effect\":\"Allow\",\"Resource\":[\"arn:aws:s3:::demo-test-files20220722154006554300000001\",\"arn:aws:s3:::demo-test-files20220722154006554300000001/*\"]}],\"Version\":\"2012-10-17\"}",
            "policy_id": "ANPA5GXOGORFSZLBR2M5B",
            "tags": {},
            "tags_all": {}
          },
          "sensitive_attributes": [],
          "private": "bnVsbA==",
          "dependencies": [
            "aws_s3_bucket.files"
          ]
        }
      ]
    },
    {
      "mode": "managed",
      "type": "aws_s3_bucket",
      "name": "files",
      "provider": "provider[\"registry.terraform.io/hashicorp/aws\"]",
      "instances": [
        {
          "schema_version": 0,
          "attributes": {
            "acceleration_status": "",
            "acl": "private",
            "arn": "arn:aws:s3:::demo-test-files20220722154006554300000001",
            "bucket": "demo-test-files20220722154006554300000001",
            "bucket_domain_name": "demo-test-files20220722154006554300000001.s3.amazonaws.com",
            "bucket_prefix": "demo-test-files",
            "bucket_regional_domain_name": "demo-test-files20220722154006554300000001.s3.us-west-2.amazonaws.com",
            "cors_rule": [],
            "force_destroy": false,
            "grant": [],
            "hosted_zone_id": "Z3BJ6K6RIION7M",
            "id": "demo-test-files20220722154006554300000001",
            "lifecycle_rule": [],
            "logging": [],
            "object_lock_configuration": [],
            "policy": "",
            "region": "us-west-2",
            "replication_configuration": [],
            "request_payer": "BucketOwner",
            "server_side_encryption_configuration": [],
            "tags": {},
            "tags_all": {},
            "versioning": [
              {
                "enabled": false,
                "mfa_delete": false
              }
            ],
            "website": [],
            "website_domain": null,
            "website_endpoint": null
          },
          "sensitive_attributes": [],
          "private": "bnVsbA=="
        }
      ]
    }
  ]
}
